
Microsoft Visual Studio Solution File, Format Version 12.00
# Visual Studio Version 17
VisualStudioVersion = 17.8.34004.107
MinimumVisualStudioVersion = 10.0.40219.1
Project("{FAE04EC0-301F-11D3-BF4B-00C04F79EFBC}") = "CAInterface", "CAInterface.csproj", "{C3B19281-9E70-4F8F-9C61-08E60B2D7BA9}"
EndProject
Global
	GlobalSection(SolutionConfigurationPlatforms) = preSolution
		Debug|Any CPU = Debug|Any CPU
		Release|Any CPU = Release|Any CPU
	EndGlobalSection
	GlobalSection(ProjectConfigurationPlatforms) = postSolution
		{C3B19281-9E70-4F8F-9C61-08E60B2D7BA9}.Debug|Any CPU.ActiveCfg = Debug|Any CPU
		{C3B19281-9E70-4F8F-9C61-08E60B2D7BA9}.Debug|Any CPU.Build.0 = Debug|Any CPU
		{C3B19281-9E70-4F8F-9C61-08E60B2D7BA9}.Release|Any CPU.ActiveCfg = Release|Any CPU
		{C3B19281-9E70-4F8F-9C61-08E60B2D7BA9}.Release|Any CPU.Build.0 = Release|Any CPU
	EndGlobalSection
	GlobalSection(SolutionProperties) = preSolution
		HideSolutionNode = FALSE
	EndGlobalSection
	GlobalSection(ExtensibilityGlobals) = postSolution
		SolutionGuid = {2C9767D1-EFDB-406B-97FC-A37FED3E5D10}
	EndGlobalSection
EndGlobal
